
Microsoft Visual Studio Solution File, Format Version 12.00
# Visual Studio Version 16
VisualStudioVersion = 16.0.31515.178
MinimumVisualStudioVersion = 10.0.40219.1
Project("{9A19103F-16F7-4668-BE54-9A1E7A4F7556}") = "RateLimit_WebAPI", "RateLimit_WebAPI.csproj", "{6D2CA8E7-CDBE-4E6A-9AAD-54AC7009B67D}"
EndProject
Project("{E53339B2-1760-4266-BCC7-CA923CBCF16C}") = "docker-compose", "docker-compose.dcproj", "{7B0FC1BC-30D9-421E-971F-99AAC3823887}"
EndProject
Global
	GlobalSection(SolutionConfigurationPlatforms) = preSolution
		Debug|Any CPU = Debug|Any CPU
		Release|Any CPU = Release|Any CPU
	EndGlobalSection
	GlobalSection(ProjectConfigurationPlatforms) = postSolution
		{6D2CA8E7-CDBE-4E6A-9AAD-54AC7009B67D}.Debug|Any CPU.ActiveCfg = Debug|Any CPU
		{6D2CA8E7-CDBE-4E6A-9AAD-54AC7009B67D}.Debug|Any CPU.Build.0 = Debug|Any CPU
		{6D2CA8E7-CDBE-4E6A-9AAD-54AC7009B67D}.Release|Any CPU.ActiveCfg = Release|Any CPU
		{6D2CA8E7-CDBE-4E6A-9AAD-54AC7009B67D}.Release|Any CPU.Build.0 = Release|Any CPU
		{7B0FC1BC-30D9-421E-971F-99AAC3823887}.Debug|Any CPU.ActiveCfg = Debug|Any CPU
		{7B0FC1BC-30D9-421E-971F-99AAC3823887}.Debug|Any CPU.Build.0 = Debug|Any CPU
		{7B0FC1BC-30D9-421E-971F-99AAC3823887}.Release|Any CPU.ActiveCfg = Release|Any CPU
		{7B0FC1BC-30D9-421E-971F-99AAC3823887}.Release|Any CPU.Build.0 = Release|Any CPU
	EndGlobalSection
	GlobalSection(SolutionProperties) = preSolution
		HideSolutionNode = FALSE
	EndGlobalSection
	GlobalSection(ExtensibilityGlobals) = postSolution
		SolutionGuid = {53DC52E4-885E-4FED-AD30-C1C9A566ED2D}
	EndGlobalSection
EndGlobal
